
Microsoft Visual Studio Solution File, Format Version 12.00
# Visual Studio 15
VisualStudioVersion = 15.0.28307.705
MinimumVisualStudioVersion = 10.0.40219.1
Project("{FAE04EC0-301F-11D3-BF4B-00C04F79EFBC}") = "RoverCalculation", "RoverCalculation\RoverCalculation.csproj", "{3FC03947-2D50-455B-9357-59CAE3D1A640}"
EndProject
Project("{FAE04EC0-301F-11D3-BF4B-00C04F79EFBC}") = "MarsTest", "MarsTest\MarsTest.csproj", "{FDDFD6DF-AC35-43AD-B905-3D92614C6726}"
EndProject
Global
	GlobalSection(SolutionConfigurationPlatforms) = preSolution
		Debug|Any CPU = Debug|Any CPU
		Release|Any CPU = Release|Any CPU
	EndGlobalSection
	GlobalSection(ProjectConfigurationPlatforms) = postSolution
		{3FC03947-2D50-455B-9357-59CAE3D1A640}.Debug|Any CPU.ActiveCfg = Debug|Any CPU
		{3FC03947-2D50-455B-9357-59CAE3D1A640}.Debug|Any CPU.Build.0 = Debug|Any CPU
		{3FC03947-2D50-455B-9357-59CAE3D1A640}.Release|Any CPU.ActiveCfg = Release|Any CPU
		{3FC03947-2D50-455B-9357-59CAE3D1A640}.Release|Any CPU.Build.0 = Release|Any CPU
		{FDDFD6DF-AC35-43AD-B905-3D92614C6726}.Debug|Any CPU.ActiveCfg = Debug|Any CPU
		{FDDFD6DF-AC35-43AD-B905-3D92614C6726}.Debug|Any CPU.Build.0 = Debug|Any CPU
		{FDDFD6DF-AC35-43AD-B905-3D92614C6726}.Release|Any CPU.ActiveCfg = Release|Any CPU
		{FDDFD6DF-AC35-43AD-B905-3D92614C6726}.Release|Any CPU.Build.0 = Release|Any CPU
	EndGlobalSection
	GlobalSection(SolutionProperties) = preSolution
		HideSolutionNode = FALSE
	EndGlobalSection
	GlobalSection(ExtensibilityGlobals) = postSolution
		SolutionGuid = {CBE266F3-E2FC-44BE-86BF-F719D0DCCDEB}
	EndGlobalSection
EndGlobal
